// !$*UTF8*$!
{
	archiveVersion = 1;
	classes = {
	};
	objectVersion = 48;
	objects = {

/* Begin PBXBuildFile section */
		C24455A41F85B0D200F84A1C /* TSUD.swift in Sources */ = {isa = PBXBuildFile; fileRef = C24455A31F85B0D200F84A1C /* TSUD.swift */; };
		C24455AC1F85B0F800F84A1C /* TSUDTests.swift in Sources */ = {isa = PBXBuildFile; fileRef = C24455AB1F85B0F800F84A1C /* TSUDTests.swift */; };
		C24455AE1F85B0F800F84A1C /* libTSUD.a in Frameworks */ = {isa = PBXBuildFile; fileRef = C244559C1F85B0C100F84A1C /* libTSUD.a */; };
/* End PBXBuildFile section */

/* Begin PBXContainerItemProxy section */
		C24455AF1F85B0F800F84A1C /* PBXContainerItemProxy */ = {
			isa = PBXContainerItemProxy;
			containerPortal = C24455941F85B0C100F84A1C /* Project object */;
			proxyType = 1;
			remoteGlobalIDString = C244559B1F85B0C100F84A1C;
			remoteInfo = TSUD;
		};
/* End PBXContainerItemProxy section */

/* Begin PBXFileReference section */
		C244559C1F85B0C100F84A1C /* libTSUD.a */ = {isa = PBXFileReference; explicitFileType = archive.ar; includeInIndex = 0; path = libTSUD.a; sourceTree = BUILT_PRODUCTS_DIR; };
		C24455A31F85B0D200F84A1C /* TSUD.swift */ = {isa = PBXFileReference; lastKnownFileType = sourcecode.swift; path = TSUD.swift; sourceTree = "<group>"; };
		C24455A91F85B0F800F84A1C /* TSUDTests.xctest */ = {isa = PBXFileReference; explicitFileType = wrapper.cfbundle; includeInIndex = 0; path = TSUDTests.xctest; sourceTree = BUILT_PRODUCTS_DIR; };
		C24455AB1F85B0F800F84A1C /* TSUDTests.swift */ = {isa = PBXFileReference; lastKnownFileType = sourcecode.swift; path = TSUDTests.swift; sourceTree = "<group>"; };
		C24455AD1F85B0F800F84A1C /* Info.plist */ = {isa = PBXFileReference; lastKnownFileType = text.plist.xml; path = Info.plist; sourceTree = "<group>"; };
/* End PBXFileReference section */

/* Begin PBXFrameworksBuildPhase section */
		C24455991F85B0C100F84A1C /* Frameworks */ = {
			isa = PBXFrameworksBuildPhase;
			buildActionMask = 2147483647;
			files = (
			);
			runOnlyForDeploymentPostprocessing = 0;
		};
		C24455A61F85B0F800F84A1C /* Frameworks */ = {
			isa = PBXFrameworksBuildPhase;
			buildActionMask = 2147483647;
			files = (
				C24455AE1F85B0F800F84A1C /* libTSUD.a in Frameworks */,
			);
			runOnlyForDeploymentPostprocessing = 0;
		};
/* End PBXFrameworksBuildPhase section */

/* Begin PBXGroup section */
		C24455931F85B0C100F84A1C = {
			isa = PBXGroup;
			children = (
				C24455A31F85B0D200F84A1C /* TSUD.swift */,
				C24455AA1F85B0F800F84A1C /* TSUDTests */,
				C244559D1F85B0C100F84A1C /* Products */,
			);
			sourceTree = "<group>";
		};
		C244559D1F85B0C100F84A1C /* Products */ = {
			isa = PBXGroup;
			children = (
				C244559C1F85B0C100F84A1C /* libTSUD.a */,
				C24455A91F85B0F800F84A1C /* TSUDTests.xctest */,
			);
			name = Products;
			sourceTree = "<group>";
		};
		C24455AA1F85B0F800F84A1C /* TSUDTests */ = {
			isa = PBXGroup;
			children = (
				C24455AB1F85B0F800F84A1C /* TSUDTests.swift */,
				C24455AD1F85B0F800F84A1C /* Info.plist */,
			);
			path = TSUDTests;
			sourceTree = "<group>";
		};
/* End PBXGroup section */

/* Begin PBXHeadersBuildPhase section */
		C244559A1F85B0C100F84A1C /* Headers */ = {
			isa = PBXHeadersBuildPhase;
			buildActionMask = 2147483647;
			files = (
			);
			runOnlyForDeploymentPostprocessing = 0;
		};
/* End PBXHeadersBuildPhase section */

/* Begin PBXNativeTarget section */
		C244559B1F85B0C100F84A1C /* TSUD */ = {
			isa = PBXNativeTarget;
			buildConfigurationList = C24455A01F85B0C100F84A1C /* Build configuration list for PBXNativeTarget "TSUD" */;
			buildPhases = (
				C24455981F85B0C100F84A1C /* Sources */,
				C24455991F85B0C100F84A1C /* Frameworks */,
				C244559A1F85B0C100F84A1C /* Headers */,
			);
			buildRules = (
			);
			dependencies = (
			);
			name = TSUD;
			productName = TSUD;
			productReference = C244559C1F85B0C100F84A1C /* libTSUD.a */;
			productType = "com.apple.product-type.library.static";
		};
		C24455A81F85B0F800F84A1C /* TSUDTests */ = {
			isa = PBXNativeTarget;
			buildConfigurationList = C24455B11F85B0F800F84A1C /* Build configuration list for PBXNativeTarget "TSUDTests" */;
			buildPhases = (
				C24455A51F85B0F800F84A1C /* Sources */,
				C24455A61F85B0F800F84A1C /* Frameworks */,
				C24455A71F85B0F800F84A1C /* Resources */,
			);
			buildRules = (
			);
			dependencies = (
				C24455B01F85B0F800F84A1C /* PBXTargetDependency */,
			);
			name = TSUDTests;
			productName = TSUDTests;
			productReference = C24455A91F85B0F800F84A1C /* TSUDTests.xctest */;
			productType = "com.apple.product-type.bundle.unit-test";
		};
/* End PBXNativeTarget section */

/* Begin PBXProject section */
		C24455941F85B0C100F84A1C /* Project object */ = {
			isa = PBXProject;
			attributes = {
				LastSwiftUpdateCheck = 0900;
				LastUpgradeCheck = 0900;
				ORGANIZATIONNAME = mikeash;
				TargetAttributes = {
					C244559B1F85B0C100F84A1C = {
						CreatedOnToolsVersion = 9.0;
						LastSwiftMigration = 0900;
						ProvisioningStyle = Automatic;
					};
					C24455A81F85B0F800F84A1C = {
						CreatedOnToolsVersion = 9.0;
						ProvisioningStyle = Automatic;
					};
				};
			};
			buildConfigurationList = C24455971F85B0C100F84A1C /* Build configuration list for PBXProject "TSUD" */;
			compatibilityVersion = "Xcode 8.0";
			developmentRegion = en;
			hasScannedForEncodings = 0;
			knownRegions = (
				en,
			);
			mainGroup = C24455931F85B0C100F84A1C;
			productRefGroup = C244559D1F85B0C100F84A1C /* Products */;
			projectDirPath = "";
			projectRoot = "";
			targets = (
				C244559B1F85B0C100F84A1C /* TSUD */,
				C24455A81F85B0F800F84A1C /* TSUDTests */,
			);
		};
/* End PBXProject section */

/* Begin PBXResourcesBuildPhase section */
		C24455A71F85B0F800F84A1C /* Resources */ = {
			isa = PBXResourcesBuildPhase;
			buildActionMask = 2147483647;
			files = (
			);
			runOnlyForDeploymentPostprocessing = 0;
		};
/* End PBXResourcesBuildPhase section */

/* Begin PBXSourcesBuildPhase section */
		C24455981F85B0C100F84A1C /* Sources */ = {
			isa = PBXSourcesBuildPhase;
			buildActionMask = 2147483647;
			files = (
				C24455A41F85B0D200F84A1C /* TSUD.swift in Sources */,
			);
			runOnlyForDeploymentPostprocessing = 0;
		};
		C24455A51F85B0F800F84A1C /* Sources */ = {
			isa = PBXSourcesBuildPhase;
			buildActionMask = 2147483647;
			files = (
				C24455AC1F85B0F800F84A1C /* TSUDTests.swift in Sources */,
			);
			runOnlyForDeploymentPostprocessing = 0;
		};
/* End PBXSourcesBuildPhase section */

/* Begin PBXTargetDependency section */
		C24455B01F85B0F800F84A1C /* PBXTargetDependency */ = {
			isa = PBXTargetDependency;
			target = C244559B1F85B0C100F84A1C /* TSUD */;
			targetProxy = C24455AF1F85B0F800F84A1C /* PBXContainerItemProxy */;
		};
/* End PBXTargetDependency section */

/* Begin XCBuildConfiguration section */
		C244559E1F85B0C100F84A1C /* Debug */ = {
			isa = XCBuildConfiguration;
			buildSettings = {
				ALWAYS_SEARCH_USER_PATHS = NO;
				CLANG_ANALYZER_NONNULL = YES;
				CLANG_ANALYZER_NUMBER_OBJECT_CONVERSION = YES_AGGRESSIVE;
				CLANG_CXX_LANGUAGE_STANDARD = "gnu++14";
				CLANG_CXX_LIBRARY = "libc++";
				CLANG_ENABLE_MODULES = YES;
				CLANG_ENABLE_OBJC_ARC = YES;
				CLANG_WARN_BLOCK_CAPTURE_AUTORELEASING = YES;
				CLANG_WARN_BOOL_CONVERSION = YES;
				CLANG_WARN_COMMA = YES;
				CLANG_WARN_CONSTANT_CONVERSION = YES;
				CLANG_WARN_DIRECT_OBJC_ISA_USAGE = YES_ERROR;
				CLANG_WARN_DOCUMENTATION_COMMENTS = YES;
				CLANG_WARN_EMPTY_BODY = YES;
				CLANG_WARN_ENUM_CONVERSION = YES;
				CLANG_WARN_INFINITE_RECURSION = YES;
				CLANG_WARN_INT_CONVERSION = YES;
				CLANG_WARN_NON_LITERAL_NULL_CONVERSION = YES;
				CLANG_WARN_OBJC_LITERAL_CONVERSION = YES;
				CLANG_WARN_OBJC_ROOT_CLASS = YES_ERROR;
				CLANG_WARN_RANGE_LOOP_ANALYSIS = YES;
				CLANG_WARN_STRICT_PROTOTYPES = YES;
				CLANG_WARN_SUSPICIOUS_MOVE = YES;
				CLANG_WARN_UNGUARDED_AVAILABILITY = YES_AGGRESSIVE;
				CLANG_WARN_UNREACHABLE_CODE = YES;
				CLANG_WARN__DUPLICATE_METHOD_MATCH = YES;
				CODE_SIGN_IDENTITY = "Mac Developer";
				COPY_PHASE_STRIP = NO;
				DEBUG_INFORMATION_FORMAT = dwarf;
				ENABLE_STRICT_OBJC_MSGSEND = YES;
				ENABLE_TESTABILITY = YES;
				GCC_C_LANGUAGE_STANDARD = gnu11;
				GCC_DYNAMIC_NO_PIC = NO;
				GCC_NO_COMMON_BLOCKS = YES;
				GCC_OPTIMIZATION_LEVEL = 0;
				GCC_PREPROCESSOR_DEFINITIONS = (
					"DEBUG=1",
					"$(inherited)",
				);
				GCC_WARN_64_TO_32_BIT_CONVERSION = YES;
				GCC_WARN_ABOUT_RETURN_TYPE = YES_ERROR;
				GCC_WARN_UNDECLARED_SELECTOR = YES;
				GCC_WARN_UNINITIALIZED_AUTOS = YES_AGGRESSIVE;
				GCC_WARN_UNUSED_FUNCTION = YES;
				GCC_WARN_UNUSED_VARIABLE = YES;
				MACOSX_DEPLOYMENT_TARGET = 10.11;
				MTL_ENABLE_DEBUG_INFO = YES;
				ONLY_ACTIVE_ARCH = YES;
				SDKROOT = macosx;
				SWIFT_VERSION = 4.0;
			};
			name = Debug;
		};
		C244559F1F85B0C100F84A1C /* Release */ = {
			isa = XCBuildConfiguration;
			buildSettings = {
				ALWAYS_SEARCH_USER_PATHS = NO;
				CLANG_ANALYZER_NONNULL = YES;
				CLANG_ANALYZER_NUMBER_OBJECT_CONVERSION = YES_AGGRESSIVE;
				CLANG_CXX_LANGUAGE_STANDARD = "gnu++14";
				CLANG_CXX_LIBRARY = "libc++";
				CLANG_ENABLE_MODULES = YES;
				CLANG_ENABLE_OBJC_ARC = YES;
				CLANG_WARN_BLOCK_CAPTURE_AUTORELEASING = YES;
				CLANG_WARN_BOOL_CONVERSION = YES;
				CLANG_WARN_COMMA = YES;
				CLANG_WARN_CONSTANT_CONVERSION = YES;
				CLANG_WARN_DIRECT_OBJC_ISA_USAGE = YES_ERROR;
				CLANG_WARN_DOCUMENTATION_COMMENTS = YES;
				CLANG_WARN_EMPTY_BODY = YES;
				CLANG_WARN_ENUM_CONVERSION = YES;
				CLANG_WARN_INFINITE_RECURSION = YES;
				CLANG_WARN_INT_CONVERSION = YES;
				CLANG_WARN_NON_LITERAL_NULL_CONVERSION = YES;
				CLANG_WARN_OBJC_LITERAL_CONVERSION = YES;
				CLANG_WARN_OBJC_ROOT_CLASS = YES_ERROR;
				CLANG_WARN_RANGE_LOOP_ANALYSIS = YES;
				CLANG_WARN_STRICT_PROTOTYPES = YES;
				CLANG_WARN_SUSPICIOUS_MOVE = YES;
				CLANG_WARN_UNGUARDED_AVAILABILITY = YES_AGGRESSIVE;
				CLANG_WARN_UNREACHABLE_CODE = YES;
				CLANG_WARN__DUPLICATE_METHOD_MATCH = YES;
				CODE_SIGN_IDENTITY = "Mac Developer";
				COPY_PHASE_STRIP = NO;
				DEBUG_INFORMATION_FORMAT = "dwarf-with-dsym";
				ENABLE_NS_ASSERTIONS = NO;
				ENABLE_STRICT_OBJC_MSGSEND = YES;
				GCC_C_LANGUAGE_STANDARD = gnu11;
				GCC_NO_COMMON_BLOCKS = YES;
				GCC_WARN_64_TO_32_BIT_CONVERSION = YES;
				GCC_WARN_ABOUT_RETURN_TYPE = YES_ERROR;
				GCC_WARN_UNDECLARED_SELECTOR = YES;
				GCC_WARN_UNINITIALIZED_AUTOS = YES_AGGRESSIVE;
				GCC_WARN_UNUSED_FUNCTION = YES;
				GCC_WARN_UNUSED_VARIABLE = YES;
				MACOSX_DEPLOYMENT_TARGET = 10.11;
				MTL_ENABLE_DEBUG_INFO = NO;
				SDKROOT = macosx;
				SWIFT_VERSION = 4.0;
			};
			name = Release;
		};
		C24455A11F85B0C100F84A1C /* Debug */ = {
			isa = XCBuildConfiguration;
			buildSettings = {
				CLANG_ENABLE_MODULES = YES;
				CODE_SIGN_STYLE = Automatic;
				DEVELOPMENT_TEAM = 44N4WJ59X4;
				EXECUTABLE_PREFIX = lib;
				LD_RUNPATH_SEARCH_PATHS = "$(inherited) @executable_path/../Frameworks @loader_path/../Frameworks";
				PRODUCT_NAME = "$(TARGET_NAME)";
				SWIFT_OPTIMIZATION_LEVEL = "-Onone";
				SWIFT_VERSION = 4.0;
			};
			name = Debug;
		};
		C24455A21F85B0C100F84A1C /* Release */ = {
			isa = XCBuildConfiguration;
			buildSettings = {
				CLANG_ENABLE_MODULES = YES;
				CODE_SIGN_STYLE = Automatic;
				DEVELOPMENT_TEAM = 44N4WJ59X4;
				EXECUTABLE_PREFIX = lib;
				LD_RUNPATH_SEARCH_PATHS = "$(inherited) @executable_path/../Frameworks @loader_path/../Frameworks";
				PRODUCT_NAME = "$(TARGET_NAME)";
				SWIFT_VERSION = 4.0;
			};
			name = Release;
		};
		C24455B21F85B0F800F84A1C /* Debug */ = {
			isa = XCBuildConfiguration;
			buildSettings = {
				CODE_SIGN_STYLE = Automatic;
				COMBINE_HIDPI_IMAGES = YES;
				DEVELOPMENT_TEAM = 44N4WJ59X4;
				INFOPLIST_FILE = TSUDTests/Info.plist;
				LD_RUNPATH_SEARCH_PATHS = "$(inherited) @executable_path/../Frameworks @loader_path/../Frameworks";
				PRODUCT_BUNDLE_IDENTIFIER = com.mikeash.TSUDTests;
				PRODUCT_NAME = "$(TARGET_NAME)";
				SWIFT_ACTIVE_COMPILATION_CONDITIONS = DEBUG;
				SWIFT_OPTIMIZATION_LEVEL = "-Onone";
				SWIFT_VERSION = 4.0;
			};
			name = Debug;
		};
		C24455B31F85B0F800F84A1C /* Release */ = {
			isa = XCBuildConfiguration;
			buildSettings = {
				CODE_SIGN_STYLE = Automatic;
				COMBINE_HIDPI_IMAGES = YES;
				DEVELOPMENT_TEAM = 44N4WJ59X4;
				INFOPLIST_FILE = TSUDTests/Info.plist;
				LD_RUNPATH_SEARCH_PATHS = "$(inherited) @executable_path/../Frameworks @loader_path/../Frameworks";
				PRODUCT_BUNDLE_IDENTIFIER = com.mikeash.TSUDTests;
				PRODUCT_NAME = "$(TARGET_NAME)";
				SWIFT_OPTIMIZATION_LEVEL = "-Owholemodule";
				SWIFT_VERSION = 4.0;
			};
			name = Release;
		};
/* End XCBuildConfiguration section */

/* Begin XCConfigurationList section */
		C24455971F85B0C100F84A1C /* Build configuration list for PBXProject "TSUD" */ = {
			isa = XCConfigurationList;
			buildConfigurations = (
				C244559E1F85B0C100F84A1C /* Debug */,
				C244559F1F85B0C100F84A1C /* Release */,
			);
			defaultConfigurationIsVisible = 0;
			defaultConfigurationName = Release;
		};
		C24455A01F85B0C100F84A1C /* Build configuration list for PBXNativeTarget "TSUD" */ = {
			isa = XCConfigurationList;
			buildConfigurations = (
				C24455A11F85B0C100F84A1C /* Debug */,
				C24455A21F85B0C100F84A1C /* Release */,
			);
			defaultConfigurationIsVisible = 0;
			defaultConfigurationName = Release;
		};
		C24455B11F85B0F800F84A1C /* Build configuration list for PBXNativeTarget "TSUDTests" */ = {
			isa = XCConfigurationList;
			buildConfigurations = (
				C24455B21F85B0F800F84A1C /* Debug */,
				C24455B31F85B0F800F84A1C /* Release */,
			);
			defaultConfigurationIsVisible = 0;
			defaultConfigurationName = Release;
		};
/* End XCConfigurationList section */
	};
	rootObject = C24455941F85B0C100F84A1C /* Project object */;
}
